// !$*UTF8*$!
{
	archiveVersion = 1;
	classes = {
	};
	objectVersion = 50;
	objects = {

/* Begin PBXBuildFile section */
		BC31848B2878FF4100DF9BC1 /* UIKit.framework in Frameworks */ = {isa = PBXBuildFile; fileRef = BC31848A2878FF4100DF9BC1 /* UIKit.framework */; };
		BC31848D2878FF4100DF9BC1 /* Foundation.framework in Frameworks */ = {isa = PBXBuildFile; fileRef = BC31848C2878FF4100DF9BC1 /* Foundation.framework */; };
		BC31848F2878FF4100DF9BC1 /* CydiaSubstrate.framework in Frameworks */ = {isa = PBXBuildFile; fileRef = BC31848E2878FF4100DF9BC1 /* CydiaSubstrate.framework */; };
		BC3184982878FF4100DF9BC1 /* Happa_Tweek.mm in Sources */ = {isa = PBXBuildFile; fileRef = BC3184972878FF4100DF9BC1 /* Happa_Tweek.mm */; };
/* End PBXBuildFile section */

/* Begin PBXFileReference section */
		BC3184872878FF4100DF9BC1 /* Happa-Tweek.dylib */ = {isa = PBXFileReference; explicitFileType = "compiled.mach-o.dylib"; includeInIndex = 0; path = "Happa-Tweek.dylib"; sourceTree = BUILT_PRODUCTS_DIR; };
		BC31848A2878FF4100DF9BC1 /* UIKit.framework */ = {isa = PBXFileReference; lastKnownFileType = wrapper.framework; name = UIKit.framework; path = System/Library/Frameworks/UIKit.framework; sourceTree = SDKROOT; };
		BC31848C2878FF4100DF9BC1 /* Foundation.framework */ = {isa = PBXFileReference; lastKnownFileType = wrapper.framework; name = Foundation.framework; path = System/Library/Frameworks/Foundation.framework; sourceTree = SDKROOT; };
		BC31848E2878FF4100DF9BC1 /* CydiaSubstrate.framework */ = {isa = PBXFileReference; lastKnownFileType = wrapper.framework; name = CydiaSubstrate.framework; path = Library/Frameworks/CydiaSubstrate.framework; sourceTree = DEVELOPER_DIR; };
		BC3184932878FF4100DF9BC1 /* control */ = {isa = PBXFileReference; lastKnownFileType = text; path = control; sourceTree = "<group>"; };
		BC3184952878FF4100DF9BC1 /* Happa-Tweek-Prefix.pch */ = {isa = PBXFileReference; lastKnownFileType = sourcecode.c.h; name = "Happa-Tweek-Prefix.pch"; path = "../Happa-Tweek-Prefix.pch"; sourceTree = "<group>"; };
		BC3184962878FF4100DF9BC1 /* Happa_Tweek.xm */ = {isa = PBXFileReference; explicitFileType = sourcecode.c.objc.preprocessed; path = Happa_Tweek.xm; sourceTree = "<group>"; };
		BC3184972878FF4100DF9BC1 /* Happa_Tweek.mm */ = {isa = PBXFileReference; lastKnownFileType = sourcecode.cpp.objcpp; path = Happa_Tweek.mm; sourceTree = "<group>"; };
		BC31849C2878FF4100DF9BC1 /* Happa_Tweek.plist */ = {isa = PBXFileReference; lastKnownFileType = text.plist.xml; path = Happa_Tweek.plist; sourceTree = "<group>"; };
/* End PBXFileReference section */

/* Begin PBXFrameworksBuildPhase section */
		BC3184832878FF4100DF9BC1 /* Frameworks */ = {
			isa = PBXFrameworksBuildPhase;
			buildActionMask = 2147483647;
			files = (
				BC31848B2878FF4100DF9BC1 /* UIKit.framework in Frameworks */,
				BC31848D2878FF4100DF9BC1 /* Foundation.framework in Frameworks */,
				BC31848F2878FF4100DF9BC1 /* CydiaSubstrate.framework in Frameworks */,
			);
			runOnlyForDeploymentPostprocessing = 0;
		};
/* End PBXFrameworksBuildPhase section */

/* Begin PBXGroup section */
		BC31847C2878FF4100DF9BC1 = {
			isa = PBXGroup;
			children = (
				BC3184902878FF4100DF9BC1 /* Happa-Tweek */,
				BC3184892878FF4100DF9BC1 /* Frameworks */,
				BC3184882878FF4100DF9BC1 /* Products */,
			);
			sourceTree = "<group>";
		};
		BC3184882878FF4100DF9BC1 /* Products */ = {
			isa = PBXGroup;
			children = (
				BC3184872878FF4100DF9BC1 /* Happa-Tweek.dylib */,
			);
			name = Products;
			sourceTree = "<group>";
		};
		BC3184892878FF4100DF9BC1 /* Frameworks */ = {
			isa = PBXGroup;
			children = (
				BC31848A2878FF4100DF9BC1 /* UIKit.framework */,
				BC31848C2878FF4100DF9BC1 /* Foundation.framework */,
				BC31848E2878FF4100DF9BC1 /* CydiaSubstrate.framework */,
			);
			name = Frameworks;
			sourceTree = "<group>";
		};
		BC3184902878FF4100DF9BC1 /* Happa-Tweek */ = {
			isa = PBXGroup;
			children = (
				BC3184962878FF4100DF9BC1 /* Happa_Tweek.xm */,
				BC3184972878FF4100DF9BC1 /* Happa_Tweek.mm */,
				BC3184912878FF4100DF9BC1 /* Package */,
				BC3184942878FF4100DF9BC1 /* Supporting Files */,
			);
			path = "Happa-Tweek";
			sourceTree = "<group>";
		};
		BC3184912878FF4100DF9BC1 /* Package */ = {
			isa = PBXGroup;
			children = (
				BC3184922878FF4100DF9BC1 /* DEBIAN */,
				BC3184992878FF4100DF9BC1 /* Library */,
			);
			path = Package;
			sourceTree = "<group>";
		};
		BC3184922878FF4100DF9BC1 /* DEBIAN */ = {
			isa = PBXGroup;
			children = (
				BC3184932878FF4100DF9BC1 /* control */,
			);
			path = DEBIAN;
			sourceTree = "<group>";
		};
		BC3184942878FF4100DF9BC1 /* Supporting Files */ = {
			isa = PBXGroup;
			children = (
				BC3184952878FF4100DF9BC1 /* Happa-Tweek-Prefix.pch */,
			);
			path = "Supporting Files";
			sourceTree = "<group>";
		};
		BC3184992878FF4100DF9BC1 /* Library */ = {
			isa = PBXGroup;
			children = (
				BC31849A2878FF4100DF9BC1 /* MobileSubstrate */,
			);
			path = Library;
			sourceTree = "<group>";
		};
		BC31849A2878FF4100DF9BC1 /* MobileSubstrate */ = {
			isa = PBXGroup;
			children = (
				BC31849B2878FF4100DF9BC1 /* DynamicLibraries */,
			);
			path = MobileSubstrate;
			sourceTree = "<group>";
		};
		BC31849B2878FF4100DF9BC1 /* DynamicLibraries */ = {
			isa = PBXGroup;
			children = (
				BC31849C2878FF4100DF9BC1 /* Happa_Tweek.plist */,
			);
			path = DynamicLibraries;
			sourceTree = "<group>";
		};
/* End PBXGroup section */

/* Begin PBXHeadersBuildPhase section */
		BC3184842878FF4100DF9BC1 /* Headers */ = {
			isa = PBXHeadersBuildPhase;
			buildActionMask = 2147483647;
			files = (
			);
			runOnlyForDeploymentPostprocessing = 0;
		};
/* End PBXHeadersBuildPhase section */

/* Begin PBXNativeTarget section */
		BC3184862878FF4100DF9BC1 /* Happa-Tweek */ = {
			isa = PBXNativeTarget;
			buildConfigurationList = BC31849F2878FF4100DF9BC1 /* Build configuration list for PBXNativeTarget "Happa-Tweek" */;
			buildPhases = (
				BC3184812878FF4100DF9BC1 /* ShellScript */,
				BC3184822878FF4100DF9BC1 /* Sources */,
				BC3184832878FF4100DF9BC1 /* Frameworks */,
				BC3184842878FF4100DF9BC1 /* Headers */,
				BC3184852878FF4100DF9BC1 /* ShellScript */,
			);
			buildRules = (
			);
			dependencies = (
			);
			name = "Happa-Tweek";
			productName = "Happa-Tweek";
			productReference = BC3184872878FF4100DF9BC1 /* Happa-Tweek.dylib */;
			productType = "com.apple.product-type.library.dynamic";
		};
/* End PBXNativeTarget section */

/* Begin PBXProject section */
		BC31847D2878FF4100DF9BC1 /* Project object */ = {
			isa = PBXProject;
			attributes = {
				LastUpgradeCheck = 1160;
				TargetAttributes = {
					BC3184862878FF4100DF9BC1 = {
						CreatedOnToolsVersion = 11.6;
					};
				};
			};
			buildConfigurationList = BC3184802878FF4100DF9BC1 /* Build configuration list for PBXProject "Happa-Tweek" */;
			compatibilityVersion = "Xcode 9.3";
			developmentRegion = en;
			hasScannedForEncodings = 0;
			knownRegions = (
				en,
				Base,
			);
			mainGroup = BC31847C2878FF4100DF9BC1;
			productRefGroup = BC3184882878FF4100DF9BC1 /* Products */;
			projectDirPath = "";
			projectRoot = "";
			targets = (
				BC3184862878FF4100DF9BC1 /* Happa-Tweek */,
			);
		};
/* End PBXProject section */

/* Begin PBXShellScriptBuildPhase section */
		BC3184812878FF4100DF9BC1 /* ShellScript */ = {
			isa = PBXShellScriptBuildPhase;
			buildActionMask = 2147483647;
			files = (
			);
			inputFileListPaths = (
			);
			inputPaths = (
			);
			outputFileListPaths = (
			);
			outputPaths = (
			);
			runOnlyForDeploymentPostprocessing = 0;
			shellPath = /bin/sh;
			shellScript = "/opt/MonkeyDev/bin/md --xcbp-logos";
		};
		BC3184852878FF4100DF9BC1 /* ShellScript */ = {
			isa = PBXShellScriptBuildPhase;
			buildActionMask = 2147483647;
			files = (
			);
			inputFileListPaths = (
			);
			inputPaths = (
			);
			outputFileListPaths = (
			);
			outputPaths = (
			);
			runOnlyForDeploymentPostprocessing = 0;
			shellPath = /bin/sh;
			shellScript = "/opt/MonkeyDev/bin/md --xcbp";
		};
/* End PBXShellScriptBuildPhase section */

/* Begin PBXSourcesBuildPhase section */
		BC3184822878FF4100DF9BC1 /* Sources */ = {
			isa = PBXSourcesBuildPhase;
			buildActionMask = 2147483647;
			files = (
				BC3184982878FF4100DF9BC1 /* Happa_Tweek.mm in Sources */,
			);
			runOnlyForDeploymentPostprocessing = 0;
		};
/* End PBXSourcesBuildPhase section */

/* Begin XCBuildConfiguration section */
		BC31849D2878FF4100DF9BC1 /* Release */ = {
			isa = XCBuildConfiguration;
			buildSettings = {
				CODE_SIGNING_ALLOWED = NO;
				COPY_PHASE_STRIP = YES;
				EXCLUDED_RECURSIVE_SEARCH_PATH_SUBDIRECTORIES = "*.nib *.lproj *.gch (*) .DS_Store CVS .svn .git .hg *.xcodeproj *.xcode *.pbproj *.pbxproj";
				FRAMEWORK_SEARCH_PATHS = (
					"$(MonkeyDevPath)/frameworks/**",
					"$(MonkeyDevTheosPath)/vendor/lib",
				);
				GCC_C_LANGUAGE_STANDARD = gnu99;
				GCC_WARN_ABOUT_MISSING_PROTOTYPES = YES;
				GCC_WARN_ABOUT_RETURN_TYPE = YES;
				GCC_WARN_UNUSED_VARIABLE = YES;
				HEADER_SEARCH_PATHS = "$(MonkeyDevTheosPath)/vendor/include/**";
				IPHONEOS_DEPLOYMENT_TARGET = 8.0;
				LIBRARY_SEARCH_PATHS = "$(MonkeyDevTheosPath)/vendor/lib/**";
				MonkeyDevPath = /opt/MonkeyDev;
				MonkeyDevTheosPath = /opt/theos;
				OTHER_CFLAGS = "-DTHEOS_INSTANCE_NAME=\"\\\"Happa-Tweek\\\"\"";
				SDKROOT = iphoneos;
				TARGETED_DEVICE_FAMILY = "1,2";
				VALIDATE_PRODUCT = YES;
			};
			name = Release;
		};
		BC31849E2878FF4100DF9BC1 /* Debug */ = {
			isa = XCBuildConfiguration;
			buildSettings = {
				CODE_SIGNING_ALLOWED = NO;
				COPY_PHASE_STRIP = NO;
				EXCLUDED_RECURSIVE_SEARCH_PATH_SUBDIRECTORIES = "*.nib *.lproj *.gch (*) .DS_Store CVS .svn .git .hg *.xcodeproj *.xcode *.pbproj *.pbxproj";
				FRAMEWORK_SEARCH_PATHS = (
					"$(MonkeyDevPath)/frameworks/**",
					"$(MonkeyDevTheosPath)/vendor/lib",
				);
				GCC_C_LANGUAGE_STANDARD = gnu99;
				GCC_DYNAMIC_NO_PIC = NO;
				GCC_OPTIMIZATION_LEVEL = 0;
				GCC_PREPROCESSOR_DEFINITIONS = (
					"DEBUG=1",
					"$(inherited)",
				);
				GCC_SYMBOLS_PRIVATE_EXTERN = NO;
				GCC_WARN_ABOUT_MISSING_PROTOTYPES = YES;
				GCC_WARN_ABOUT_RETURN_TYPE = YES;
				GCC_WARN_UNUSED_VARIABLE = YES;
				HEADER_SEARCH_PATHS = "$(MonkeyDevTheosPath)/vendor/include/**";
				IPHONEOS_DEPLOYMENT_TARGET = 8.0;
				LIBRARY_SEARCH_PATHS = "$(MonkeyDevTheosPath)/vendor/lib/**";
				MonkeyDevPath = /opt/MonkeyDev;
				MonkeyDevTheosPath = /opt/theos;
				ONLY_ACTIVE_ARCH = YES;
				OTHER_CFLAGS = "-DTHEOS_INSTANCE_NAME=\"\\\"Happa-Tweek\\\"\"";
				SDKROOT = iphoneos;
				TARGETED_DEVICE_FAMILY = "1,2";
				VALIDATE_PRODUCT = NO;
			};
			name = Debug;
		};
		BC3184A02878FF4100DF9BC1 /* Release */ = {
			isa = XCBuildConfiguration;
			buildSettings = {
				CLANG_ENABLE_OBJC_ARC = YES;
				CODE_SIGN_IDENTITY = "";
				CODE_SIGN_STYLE = Automatic;
				DEVELOPMENT_TEAM = 7Q782JW943;
				DYLIB_COMPATIBILITY_VERSION = 1;
				DYLIB_CURRENT_VERSION = 1;
				GCC_PRECOMPILE_PREFIX_HEADER = YES;
				GCC_PREFIX_HEADER = "Happa-Tweek/Happa-Tweek-Prefix.pch";
				INSTALL_PATH = /Library/MobileSubstrate/DynamicLibraries;
				MonkeyDevBuildPackageOnAnyBuild = NO;
				MonkeyDevClearUiCacheOnInstall = NO;
				MonkeyDevCopyOnBuild = NO;
				MonkeyDevDeviceIP = "";
				MonkeyDevDevicePassword = "";
				MonkeyDevDevicePort = "";
				MonkeyDevInstallOnAnyBuild = YES;
				MonkeyDevInstallOnProfiling = YES;
				MonkeyDevkillProcessOnInstall = SpringBoard;
				PRODUCT_NAME = "$(TARGET_NAME)";
				TARGETED_DEVICE_FAMILY = "1,2";
			};
			name = Release;
		};
		BC3184A12878FF4100DF9BC1 /* Debug */ = {
			isa = XCBuildConfiguration;
			buildSettings = {
				CLANG_ENABLE_OBJC_ARC = YES;
				CODE_SIGN_IDENTITY = "";
				CODE_SIGN_STYLE = Automatic;
				DEVELOPMENT_TEAM = 7Q782JW943;
				DYLIB_COMPATIBILITY_VERSION = 1;
				DYLIB_CURRENT_VERSION = 1;
				GCC_PRECOMPILE_PREFIX_HEADER = YES;
				GCC_PREFIX_HEADER = "Happa-Tweek/Happa-Tweek-Prefix.pch";
				INSTALL_PATH = /Library/MobileSubstrate/DynamicLibraries;
				MonkeyDevBuildPackageOnAnyBuild = NO;
				MonkeyDevClearUiCacheOnInstall = NO;
				MonkeyDevCopyOnBuild = NO;
				MonkeyDevDeviceIP = "";
				MonkeyDevDevicePassword = "";
				MonkeyDevDevicePort = "";
				MonkeyDevInstallOnAnyBuild = YES;
				MonkeyDevInstallOnProfiling = YES;
				MonkeyDevkillProcessOnInstall = SpringBoard;
				PRODUCT_NAME = "$(TARGET_NAME)";
				TARGETED_DEVICE_FAMILY = "1,2";
			};
			name = Debug;
		};
/* End XCBuildConfiguration section */

/* Begin XCConfigurationList section */
		BC3184802878FF4100DF9BC1 /* Build configuration list for PBXProject "Happa-Tweek" */ = {
			isa = XCConfigurationList;
			buildConfigurations = (
				BC31849D2878FF4100DF9BC1 /* Release */,
				BC31849E2878FF4100DF9BC1 /* Debug */,
			);
			defaultConfigurationIsVisible = 0;
			defaultConfigurationName = Release;
		};
		BC31849F2878FF4100DF9BC1 /* Build configuration list for PBXNativeTarget "Happa-Tweek" */ = {
			isa = XCConfigurationList;
			buildConfigurations = (
				BC3184A02878FF4100DF9BC1 /* Release */,
				BC3184A12878FF4100DF9BC1 /* Debug */,
			);
			defaultConfigurationIsVisible = 0;
			defaultConfigurationName = Release;
		};
/* End XCConfigurationList section */
	};
	rootObject = BC31847D2878FF4100DF9BC1 /* Project object */;
}
